
Microsoft Visual Studio Solution File, Format Version 12.00
# Visual Studio Version 16
VisualStudioVersion = 16.0.30907.101
MinimumVisualStudioVersion = 10.0.40219.1
Project("{FAE04EC0-301F-11D3-BF4B-00C04F79EFBC}") = "TernaryOperator", "TernaryOperator\TernaryOperator.csproj", "{C62EEACE-581D-4D1E-B8FA-DCA52A106166}"
EndProject
Global
	GlobalSection(SolutionConfigurationPlatforms) = preSolution
		Debug|Any CPU = Debug|Any CPU
		Release|Any CPU = Release|Any CPU
	EndGlobalSection
	GlobalSection(ProjectConfigurationPlatforms) = postSolution
		{C62EEACE-581D-4D1E-B8FA-DCA52A106166}.Debug|Any CPU.ActiveCfg = Debug|Any CPU
		{C62EEACE-581D-4D1E-B8FA-DCA52A106166}.Debug|Any CPU.Build.0 = Debug|Any CPU
		{C62EEACE-581D-4D1E-B8FA-DCA52A106166}.Release|Any CPU.ActiveCfg = Release|Any CPU
		{C62EEACE-581D-4D1E-B8FA-DCA52A106166}.Release|Any CPU.Build.0 = Release|Any CPU
	EndGlobalSection
	GlobalSection(SolutionProperties) = preSolution
		HideSolutionNode = FALSE
	EndGlobalSection
	GlobalSection(ExtensibilityGlobals) = postSolution
		SolutionGuid = {C508FD8B-B711-49AA-9877-3528B422FC92}
	EndGlobalSection
EndGlobal
